
Microsoft Visual Studio Solution File, Format Version 12.00
# Visual Studio Version 17
VisualStudioVersion = 17.0.32112.339
MinimumVisualStudioVersion = 10.0.40219.1
Project("{FAE04EC0-301F-11D3-BF4B-00C04F79EFBC}") = "Rosatom", "Rosatom\Rosatom.csproj", "{C0F190A5-D083-404D-99EB-4E13070D7CF0}"
EndProject
Global
	GlobalSection(SolutionConfigurationPlatforms) = preSolution
		Debug|Any CPU = Debug|Any CPU
		Release|Any CPU = Release|Any CPU
	EndGlobalSection
	GlobalSection(ProjectConfigurationPlatforms) = postSolution
		{C0F190A5-D083-404D-99EB-4E13070D7CF0}.Debug|Any CPU.ActiveCfg = Debug|Any CPU
		{C0F190A5-D083-404D-99EB-4E13070D7CF0}.Debug|Any CPU.Build.0 = Debug|Any CPU
		{C0F190A5-D083-404D-99EB-4E13070D7CF0}.Release|Any CPU.ActiveCfg = Release|Any CPU
		{C0F190A5-D083-404D-99EB-4E13070D7CF0}.Release|Any CPU.Build.0 = Release|Any CPU
	EndGlobalSection
	GlobalSection(SolutionProperties) = preSolution
		HideSolutionNode = FALSE
	EndGlobalSection
	GlobalSection(ExtensibilityGlobals) = postSolution
		SolutionGuid = {949765AD-76E6-483E-9E19-4C57D5B8FA01}
	EndGlobalSection
EndGlobal
